// !$*UTF8*$!
{
	archiveVersion = 1;
	classes = {
	};
	objectVersion = 46;
	objects = {

/* Begin PBXBuildFile section */
		0F229ABE1712985A005A670E /* NSString+FileFormat.m in Sources */ = {isa = PBXBuildFile; fileRef = 0F229ABD1712985A005A670E /* NSString+FileFormat.m */; };
		0FF88B6C1705565C002B6A43 /* FireUIPagedScrollView.m in Sources */ = {isa = PBXBuildFile; fileRef = 0FF88B331705565C002B6A43 /* FireUIPagedScrollView.m */; settings = {COMPILER_FLAGS = "-fno-objc-arc"; }; };
		0FF88B6D1705565C002B6A43 /* NSBundle+Image.m in Sources */ = {isa = PBXBuildFile; fileRef = 0FF88B361705565C002B6A43 /* NSBundle+Image.m */; };
		0FF88B8517055695002B6A43 /* MessageUI.framework in Frameworks */ = {isa = PBXBuildFile; fileRef = 0FF88B8417055695002B6A43 /* MessageUI.framework */; };
		0FF88B87170556A1002B6A43 /* libz.dylib in Frameworks */ = {isa = PBXBuildFile; fileRef = 0FF88B86170556A1002B6A43 /* libz.dylib */; };
		0FF88B9F17056776002B6A43 /* WPHelpView.m in Sources */ = {isa = PBXBuildFile; fileRef = 0FF88B9917056776002B6A43 /* WPHelpView.m */; };
		0FF88BA017056776002B6A43 /* WPHelpView.xib in Resources */ = {isa = PBXBuildFile; fileRef = 0FF88B9A17056776002B6A43 /* WPHelpView.xib */; };
		0FF88BA117056776002B6A43 /* WPLoadView.m in Sources */ = {isa = PBXBuildFile; fileRef = 0FF88B9D17056776002B6A43 /* WPLoadView.m */; };
		0FF88BA217056776002B6A43 /* WPLoadView.xib in Resources */ = {isa = PBXBuildFile; fileRef = 0FF88B9E17056776002B6A43 /* WPLoadView.xib */; };
		0FF88BA8170567A7002B6A43 /* MainViewController.m in Sources */ = {isa = PBXBuildFile; fileRef = 0FF88BA6170567A7002B6A43 /* MainViewController.m */; };
		0FF88BA9170567A7002B6A43 /* MainViewController.xib in Resources */ = {isa = PBXBuildFile; fileRef = 0FF88BA7170567A7002B6A43 /* MainViewController.xib */; };
		0FF88BAC170569C5002B6A43 /* help in Resources */ = {isa = PBXBuildFile; fileRef = 0FF88BAA170569C5002B6A43 /* help */; };
		1D3623260D0F684500981E51 /* AppDelegate.m in Sources */ = {isa = PBXBuildFile; fileRef = 1D3623250D0F684500981E51 /* AppDelegate.m */; };
		1D60589B0D05DD56006BFB54 /* main.m in Sources */ = {isa = PBXBuildFile; fileRef = 29B97316FDCFA39411CA2CEA /* main.m */; };
		1D60589F0D05DD5A006BFB54 /* Foundation.framework in Frameworks */ = {isa = PBXBuildFile; fileRef = 1D30AB110D05D00D00671497 /* Foundation.framework */; };
		1DF5F4E00D08C38300B7A737 /* UIKit.framework in Frameworks */ = {isa = PBXBuildFile; fileRef = 1DF5F4DF0D08C38300B7A737 /* UIKit.framework */; settings = {ATTRIBUTES = (Weak, ); }; };
		1F766FE113BBADB100FB74C0 /* Localizable.strings in Resources */ = {isa = PBXBuildFile; fileRef = 1F766FDC13BBADB100FB74C0 /* Localizable.strings */; };
		1F766FE213BBADB100FB74C0 /* Localizable.strings in Resources */ = {isa = PBXBuildFile; fileRef = 1F766FDF13BBADB100FB74C0 /* Localizable.strings */; };
		288765FD0DF74451002DB57D /* CoreGraphics.framework in Frameworks */ = {isa = PBXBuildFile; fileRef = 288765FC0DF74451002DB57D /* CoreGraphics.framework */; };
		301BF552109A68D80062928A /* libCordova.a in Frameworks */ = {isa = PBXBuildFile; fileRef = 301BF535109A57CC0062928A /* libCordova.a */; };
		301BF5B5109A6A2B0062928A /* AddressBook.framework in Frameworks */ = {isa = PBXBuildFile; fileRef = 301BF5B4109A6A2B0062928A /* AddressBook.framework */; };
		301BF5B7109A6A2B0062928A /* AddressBookUI.framework in Frameworks */ = {isa = PBXBuildFile; fileRef = 301BF5B6109A6A2B0062928A /* AddressBookUI.framework */; };
		301BF5B9109A6A2B0062928A /* AudioToolbox.framework in Frameworks */ = {isa = PBXBuildFile; fileRef = 301BF5B8109A6A2B0062928A /* AudioToolbox.framework */; };
		301BF5BB109A6A2B0062928A /* AVFoundation.framework in Frameworks */ = {isa = PBXBuildFile; fileRef = 301BF5BA109A6A2B0062928A /* AVFoundation.framework */; settings = {ATTRIBUTES = (Weak, ); }; };
		301BF5BD109A6A2B0062928A /* CFNetwork.framework in Frameworks */ = {isa = PBXBuildFile; fileRef = 301BF5BC109A6A2B0062928A /* CFNetwork.framework */; };
		301BF5BF109A6A2B0062928A /* CoreLocation.framework in Frameworks */ = {isa = PBXBuildFile; fileRef = 301BF5BE109A6A2B0062928A /* CoreLocation.framework */; };
		301BF5C1109A6A2B0062928A /* MediaPlayer.framework in Frameworks */ = {isa = PBXBuildFile; fileRef = 301BF5C0109A6A2B0062928A /* MediaPlayer.framework */; };
		301BF5C3109A6A2B0062928A /* QuartzCore.framework in Frameworks */ = {isa = PBXBuildFile; fileRef = 301BF5C2109A6A2B0062928A /* QuartzCore.framework */; };
		301BF5C5109A6A2B0062928A /* SystemConfiguration.framework in Frameworks */ = {isa = PBXBuildFile; fileRef = 301BF5C4109A6A2B0062928A /* SystemConfiguration.framework */; };
		305D5FD1115AB8F900A74A75 /* MobileCoreServices.framework in Frameworks */ = {isa = PBXBuildFile; fileRef = 305D5FD0115AB8F900A74A75 /* MobileCoreServices.framework */; };
		3072F99713A8081B00425683 /* Capture.bundle in Resources */ = {isa = PBXBuildFile; fileRef = 3072F99613A8081B00425683 /* Capture.bundle */; };
		3088BBBD154F3926009F9C59 /* Default-Landscape@2x~ipad.png in Resources */ = {isa = PBXBuildFile; fileRef = 3088BBB7154F3926009F9C59 /* Default-Landscape@2x~ipad.png */; };
		3088BBBE154F3926009F9C59 /* Default-Landscape~ipad.png in Resources */ = {isa = PBXBuildFile; fileRef = 3088BBB8154F3926009F9C59 /* Default-Landscape~ipad.png */; };
		3088BBBF154F3926009F9C59 /* Default-Portrait@2x~ipad.png in Resources */ = {isa = PBXBuildFile; fileRef = 3088BBB9154F3926009F9C59 /* Default-Portrait@2x~ipad.png */; };
		3088BBC0154F3926009F9C59 /* Default-Portrait~ipad.png in Resources */ = {isa = PBXBuildFile; fileRef = 3088BBBA154F3926009F9C59 /* Default-Portrait~ipad.png */; };
		3088BBC1154F3926009F9C59 /* Default@2x~iphone.png in Resources */ = {isa = PBXBuildFile; fileRef = 3088BBBB154F3926009F9C59 /* Default@2x~iphone.png */; };
		3088BBC2154F3926009F9C59 /* Default~iphone.png in Resources */ = {isa = PBXBuildFile; fileRef = 3088BBBC154F3926009F9C59 /* Default~iphone.png */; };
		30A0434814DC770100060A13 /* Localizable.strings in Resources */ = {isa = PBXBuildFile; fileRef = 30A0434314DC770100060A13 /* Localizable.strings */; };
		30A0434914DC770100060A13 /* Localizable.strings in Resources */ = {isa = PBXBuildFile; fileRef = 30A0434614DC770100060A13 /* Localizable.strings */; };
		30E5649213A7FCAF007403D8 /* CoreMedia.framework in Frameworks */ = {isa = PBXBuildFile; fileRef = 30E5649113A7FCAF007403D8 /* CoreMedia.framework */; settings = {ATTRIBUTES = (Weak, ); }; };
		5B1594DD16A7569C00FEF299 /* AssetsLibrary.framework in Frameworks */ = {isa = PBXBuildFile; fileRef = 5B1594DC16A7569C00FEF299 /* AssetsLibrary.framework */; };
		D020C30B1782C70F0094A2B8 /* tabbar_0.png in Resources */ = {isa = PBXBuildFile; fileRef = D020C2FF1782C70F0094A2B8 /* tabbar_0.png */; };
		D020C30C1782C70F0094A2B8 /* tabbar_0@2x.png in Resources */ = {isa = PBXBuildFile; fileRef = D020C3001782C70F0094A2B8 /* tabbar_0@2x.png */; };
		D020C30D1782C70F0094A2B8 /* tabbar_1.png in Resources */ = {isa = PBXBuildFile; fileRef = D020C3011782C70F0094A2B8 /* tabbar_1.png */; };
		D020C30E1782C70F0094A2B8 /* tabbar_1@2x.png in Resources */ = {isa = PBXBuildFile; fileRef = D020C3021782C70F0094A2B8 /* tabbar_1@2x.png */; };
		D020C30F1782C70F0094A2B8 /* tabbar_3.png in Resources */ = {isa = PBXBuildFile; fileRef = D020C3031782C70F0094A2B8 /* tabbar_3.png */; };
		D020C3101782C70F0094A2B8 /* tabbar_3@2x.png in Resources */ = {isa = PBXBuildFile; fileRef = D020C3041782C70F0094A2B8 /* tabbar_3@2x.png */; };
		D020C3111782C70F0094A2B8 /* tabbar_4.png in Resources */ = {isa = PBXBuildFile; fileRef = D020C3051782C70F0094A2B8 /* tabbar_4.png */; };
		D020C3121782C70F0094A2B8 /* tabbar_4@2x.png in Resources */ = {isa = PBXBuildFile; fileRef = D020C3061782C70F0094A2B8 /* tabbar_4@2x.png */; };
		D020C3131782C70F0094A2B8 /* tabbar_mainbtn.png in Resources */ = {isa = PBXBuildFile; fileRef = D020C3071782C70F0094A2B8 /* tabbar_mainbtn.png */; };
		D020C3141782C70F0094A2B8 /* tabbar_mainbtn@2x.png in Resources */ = {isa = PBXBuildFile; fileRef = D020C3081782C70F0094A2B8 /* tabbar_mainbtn@2x.png */; };
		D020C3151782C70F0094A2B8 /* tabbar_mainbtn_bg.png in Resources */ = {isa = PBXBuildFile; fileRef = D020C3091782C70F0094A2B8 /* tabbar_mainbtn_bg.png */; };
		D020C3161782C70F0094A2B8 /* tabbar_mainbtn_bg@2x.png in Resources */ = {isa = PBXBuildFile; fileRef = D020C30A1782C70F0094A2B8 /* tabbar_mainbtn_bg@2x.png */; };
		D020C3201782C7AB0094A2B8 /* TabbarView.m in Sources */ = {isa = PBXBuildFile; fileRef = D020C31F1782C7AB0094A2B8 /* TabbarView.m */; };
		D020C3231782C82C0094A2B8 /* TabBarViewController.m in Sources */ = {isa = PBXBuildFile; fileRef = D020C3221782C82C0094A2B8 /* TabBarViewController.m */; };
		D024E7B7175465D20072F7B8 /* CoreTelephony.framework in Frameworks */ = {isa = PBXBuildFile; fileRef = D024E7B6175465D20072F7B8 /* CoreTelephony.framework */; };
		D03AB65B17055D6700481530 /* EventKit.framework in Frameworks */ = {isa = PBXBuildFile; fileRef = D03AB65A17055D6600481530 /* EventKit.framework */; };
		D03AB65C170561E000481530 /* libNSLog.a in Frameworks */ = {isa = PBXBuildFile; fileRef = 0FF88B8D17055714002B6A43 /* libNSLog.a */; };
		D08B438E17128CCC00DD791B /* StoreKit.framework in Frameworks */ = {isa = PBXBuildFile; fileRef = D08B438D17128CCC00DD791B /* StoreKit.framework */; };
		D0A4F1D5177A8ED500D1A742 /* libApplicationUnity.a in Frameworks */ = {isa = PBXBuildFile; fileRef = D0A4F1C6177A8E6300D1A742 /* libApplicationUnity.a */; };
		D0B7CF5B1762D1E400D0DF3A /* icon-72.png in Resources */ = {isa = PBXBuildFile; fileRef = D0B7CF571762D1E400D0DF3A /* icon-72.png */; };
		D0B7CF5C1762D1E400D0DF3A /* icon-72@2x.png in Resources */ = {isa = PBXBuildFile; fileRef = D0B7CF581762D1E400D0DF3A /* icon-72@2x.png */; };
		D0B7CF5D1762D1E400D0DF3A /* icon.png in Resources */ = {isa = PBXBuildFile; fileRef = D0B7CF591762D1E400D0DF3A /* icon.png */; };
		D0B7CF5E1762D1E400D0DF3A /* icon@2x.png in Resources */ = {isa = PBXBuildFile; fileRef = D0B7CF5A1762D1E400D0DF3A /* icon@2x.png */; };
		D0B7CF851763223400D0DF3A /* libWeChatSDK_armv7_armv7s.a in Frameworks */ = {isa = PBXBuildFile; fileRef = D0B7CF6C1763223400D0DF3A /* libWeChatSDK_armv7_armv7s.a */; };
		D0B7CF861763223400D0DF3A /* libUMSocial_Sdk_2.1.3.a in Frameworks */ = {isa = PBXBuildFile; fileRef = D0B7CF7A1763223400D0DF3A /* libUMSocial_Sdk_2.1.3.a */; };
		D0B7CF871763223500D0DF3A /* libUMSocial_Sdk_Comment_2.1.3.a in Frameworks */ = {isa = PBXBuildFile; fileRef = D0B7CF7B1763223400D0DF3A /* libUMSocial_Sdk_Comment_2.1.3.a */; };
		D0B7CF881763223500D0DF3A /* UMSCommentDetailController.xib in Resources */ = {isa = PBXBuildFile; fileRef = D0B7CF7D1763223400D0DF3A /* UMSCommentDetailController.xib */; };
		D0B7CF891763223500D0DF3A /* UMSCommentInputController.xib in Resources */ = {isa = PBXBuildFile; fileRef = D0B7CF7E1763223400D0DF3A /* UMSCommentInputController.xib */; };
		D0B7CF8A1763223500D0DF3A /* UMSCommentInputControlleriPad.xib in Resources */ = {isa = PBXBuildFile; fileRef = D0B7CF7F1763223400D0DF3A /* UMSCommentInputControlleriPad.xib */; };
		D0B7CF8B1763223500D0DF3A /* UMShareEditViewController.xib in Resources */ = {isa = PBXBuildFile; fileRef = D0B7CF801763223400D0DF3A /* UMShareEditViewController.xib */; };
		D0B7CF8C1763223500D0DF3A /* UMShareEditViewControlleriPad.xib in Resources */ = {isa = PBXBuildFile; fileRef = D0B7CF811763223400D0DF3A /* UMShareEditViewControlleriPad.xib */; };
		D0B7CF8D1763223500D0DF3A /* UMSnsAccountViewController.xib in Resources */ = {isa = PBXBuildFile; fileRef = D0B7CF821763223400D0DF3A /* UMSnsAccountViewController.xib */; };
		D0B7CF8E1763223500D0DF3A /* UMSShareListController.xib in Resources */ = {isa = PBXBuildFile; fileRef = D0B7CF831763223400D0DF3A /* UMSShareListController.xib */; };
		D0B7CF8F1763223500D0DF3A /* UMSocialSDKResources.bundle in Resources */ = {isa = PBXBuildFile; fileRef = D0B7CF841763223400D0DF3A /* UMSocialSDKResources.bundle */; };
		D4A0D8761607E02300AEF8BB /* Default-568h@2x~iphone.png in Resources */ = {isa = PBXBuildFile; fileRef = D4A0D8751607E02300AEF8BB /* Default-568h@2x~iphone.png */; };
		D6F8B873176385BA008BBA4F /* libMobClickLibrary.a in Frameworks */ = {isa = PBXBuildFile; fileRef = D6F8B871176385BA008BBA4F /* libMobClickLibrary.a */; };
		F840E1F1165FE0F500CFE078 /* config.xml in Resources */ = {isa = PBXBuildFile; fileRef = F840E1F0165FE0F500CFE078 /* config.xml */; };
/* End PBXBuildFile section */

/* Begin PBXContainerItemProxy section */
		0FF88B8C17055714002B6A43 /* PBXContainerItemProxy */ = {
			isa = PBXContainerItemProxy;
			containerPortal = 0FF88B8817055713002B6A43 /* NSLog.xcodeproj */;
			proxyType = 2;
			remoteGlobalIDString = 0FD0270316E097CE00BEEC40;
			remoteInfo = NSLog;
		};
		301BF534109A57CC0062928A /* PBXContainerItemProxy */ = {
			isa = PBXContainerItemProxy;
			containerPortal = 301BF52D109A57CC0062928A /* CordovaLib.xcodeproj */;
			proxyType = 2;
			remoteGlobalIDString = D2AAC07E0554694100DB518D;
			remoteInfo = CordovaLib;
		};
		301BF550109A68C00062928A /* PBXContainerItemProxy */ = {
			isa = PBXContainerItemProxy;
			containerPortal = 301BF52D109A57CC0062928A /* CordovaLib.xcodeproj */;
			proxyType = 1;
			remoteGlobalIDString = D2AAC07D0554694100DB518D;
			remoteInfo = CordovaLib;
		};
		D03EC65D175609A700870E2A /* PBXContainerItemProxy */ = {
			isa = PBXContainerItemProxy;
			containerPortal = D03EC659175609A600870E2A /* ApplicationInfo.xcodeproj */;
			proxyType = 2;
			remoteGlobalIDString = D0A0FEBC1753614A00416A7E;
			remoteInfo = ApplicationInfo;
		};
		D03EC66417560AB000870E2A /* PBXContainerItemProxy */ = {
			isa = PBXContainerItemProxy;
			containerPortal = D03EC66017560AB000870E2A /* OpenUDID.xcodeproj */;
			proxyType = 2;
			remoteGlobalIDString = D0A7BA34171F903C006E0DA5;
			remoteInfo = OpenUDID;
		};
		D0A4F1C5177A8E6300D1A742 /* PBXContainerItemProxy */ = {
			isa = PBXContainerItemProxy;
			containerPortal = D0A4F1C1177A8E6300D1A742 /* ApplicationUnity.xcodeproj */;
			proxyType = 2;
			remoteGlobalIDString = D0E3CA1617780B32006DF61A;
			remoteInfo = ApplicationUnity;
		};
		D0A4F1D3177A8EB400D1A742 /* PBXContainerItemProxy */ = {
			isa = PBXContainerItemProxy;
			containerPortal = D0A4F1C1177A8E6300D1A742 /* ApplicationUnity.xcodeproj */;
			proxyType = 1;
			remoteGlobalIDString = D0E3CA1517780B32006DF61A;
			remoteInfo = ApplicationUnity;
		};
/* End PBXContainerItemProxy section */

/* Begin PBXFileReference section */
		0F229ABC1712985A005A670E /* NSString+FileFormat.h */ = {isa = PBXFileReference; fileEncoding = 4; lastKnownFileType = sourcecode.c.h; path = "NSString+FileFormat.h"; sourceTree = "<group>"; };
		0F229ABD1712985A005A670E /* NSString+FileFormat.m */ = {isa = PBXFileReference; fileEncoding = 4; lastKnownFileType = sourcecode.c.objc; path = "NSString+FileFormat.m"; sourceTree = "<group>"; };
		0F82D4F21755D8C400C3C43C /* Setting.h */ = {isa = PBXFileReference; fileEncoding = 4; lastKnownFileType = sourcecode.c.h; path = Setting.h; sourceTree = "<group>"; };
		0FF88B321705565C002B6A43 /* FireUIPagedScrollView.h */ = {isa = PBXFileReference; fileEncoding = 4; lastKnownFileType = sourcecode.c.h; path = FireUIPagedScrollView.h; sourceTree = "<group>"; };
		0FF88B331705565C002B6A43 /* FireUIPagedScrollView.m */ = {isa = PBXFileReference; fileEncoding = 4; lastKnownFileType = sourcecode.c.objc; path = FireUIPagedScrollView.m; sourceTree = "<group>"; };
		0FF88B351705565C002B6A43 /* NSBundle+Image.h */ = {isa = PBXFileReference; fileEncoding = 4; lastKnownFileType = sourcecode.c.h; path = "NSBundle+Image.h"; sourceTree = "<group>"; };
		0FF88B361705565C002B6A43 /* NSBundle+Image.m */ = {isa = PBXFileReference; fileEncoding = 4; lastKnownFileType = sourcecode.c.objc; path = "NSBundle+Image.m"; sourceTree = "<group>"; };
		0FF88B8417055695002B6A43 /* MessageUI.framework */ = {isa = PBXFileReference; lastKnownFileType = wrapper.framework; name = MessageUI.framework; path = System/Library/Frameworks/MessageUI.framework; sourceTree = SDKROOT; };
		0FF88B86170556A1002B6A43 /* libz.dylib */ = {isa = PBXFileReference; lastKnownFileType = "compiled.mach-o.dylib"; name = libz.dylib; path = usr/lib/libz.dylib; sourceTree = SDKROOT; };
		0FF88B8817055713002B6A43 /* NSLog.xcodeproj */ = {isa = PBXFileReference; lastKnownFileType = "wrapper.pb-project"; name = NSLog.xcodeproj; path = NSLog/NSLog.xcodeproj; sourceTree = "<group>"; };
		0FF88B9817056776002B6A43 /* WPHelpView.h */ = {isa = PBXFileReference; fileEncoding = 4; lastKnownFileType = sourcecode.c.h; path = WPHelpView.h; sourceTree = "<group>"; };
		0FF88B9917056776002B6A43 /* WPHelpView.m */ = {isa = PBXFileReference; fileEncoding = 4; lastKnownFileType = sourcecode.c.objc; path = WPHelpView.m; sourceTree = "<group>"; };
		0FF88B9A17056776002B6A43 /* WPHelpView.xib */ = {isa = PBXFileReference; fileEncoding = 4; lastKnownFileType = file.xib; path = WPHelpView.xib; sourceTree = "<group>"; };
		0FF88B9C17056776002B6A43 /* WPLoadView.h */ = {isa = PBXFileReference; fileEncoding = 4; lastKnownFileType = sourcecode.c.h; path = WPLoadView.h; sourceTree = "<group>"; };
		0FF88B9D17056776002B6A43 /* WPLoadView.m */ = {isa = PBXFileReference; fileEncoding = 4; lastKnownFileType = sourcecode.c.objc; path = WPLoadView.m; sourceTree = "<group>"; };
		0FF88B9E17056776002B6A43 /* WPLoadView.xib */ = {isa = PBXFileReference; fileEncoding = 4; lastKnownFileType = file.xib; path = WPLoadView.xib; sourceTree = "<group>"; };
		0FF88BA5170567A7002B6A43 /* MainViewController.h */ = {isa = PBXFileReference; fileEncoding = 4; lastKnownFileType = sourcecode.c.h; path = MainViewController.h; sourceTree = "<group>"; };
		0FF88BA6170567A7002B6A43 /* MainViewController.m */ = {isa = PBXFileReference; fileEncoding = 4; lastKnownFileType = sourcecode.c.objc; path = MainViewController.m; sourceTree = "<group>"; };
		0FF88BA7170567A7002B6A43 /* MainViewController.xib */ = {isa = PBXFileReference; fileEncoding = 4; lastKnownFileType = file.xib; path = MainViewController.xib; sourceTree = "<group>"; };
		0FF88BAA170569C5002B6A43 /* help */ = {isa = PBXFileReference; lastKnownFileType = folder; path = help; sourceTree = "<group>"; };
		1D30AB110D05D00D00671497 /* Foundation.framework */ = {isa = PBXFileReference; lastKnownFileType = wrapper.framework; name = Foundation.framework; path = System/Library/Frameworks/Foundation.framework; sourceTree = SDKROOT; };
		1D3623240D0F684500981E51 /* AppDelegate.h */ = {isa = PBXFileReference; fileEncoding = 4; lastKnownFileType = sourcecode.c.h; path = AppDelegate.h; sourceTree = "<group>"; };
		1D3623250D0F684500981E51 /* AppDelegate.m */ = {isa = PBXFileReference; fileEncoding = 4; lastKnownFileType = sourcecode.c.objc; path = AppDelegate.m; sourceTree = "<group>"; };
		1D6058910D05DD3D006BFB54 /* techmarket.app */ = {isa = PBXFileReference; explicitFileType = wrapper.application; includeInIndex = 0; path = techmarket.app; sourceTree = BUILT_PRODUCTS_DIR; };
		1DF5F4DF0D08C38300B7A737 /* UIKit.framework */ = {isa = PBXFileReference; lastKnownFileType = wrapper.framework; name = UIKit.framework; path = System/Library/Frameworks/UIKit.framework; sourceTree = SDKROOT; };
		1F766FDD13BBADB100FB74C0 /* en */ = {isa = PBXFileReference; lastKnownFileType = text.plist.strings; name = en; path = Localizable.strings; sourceTree = "<group>"; };
		1F766FE013BBADB100FB74C0 /* es */ = {isa = PBXFileReference; lastKnownFileType = text.plist.strings; name = es; path = Localizable.strings; sourceTree = "<group>"; };
		288765FC0DF74451002DB57D /* CoreGraphics.framework */ = {isa = PBXFileReference; lastKnownFileType = wrapper.framework; name = CoreGraphics.framework; path = System/Library/Frameworks/CoreGraphics.framework; sourceTree = SDKROOT; };
		29B97316FDCFA39411CA2CEA /* main.m */ = {isa = PBXFileReference; fileEncoding = 4; lastKnownFileType = sourcecode.c.objc; path = main.m; sourceTree = "<group>"; };
		301BF52D109A57CC0062928A /* CordovaLib.xcodeproj */ = {isa = PBXFileReference; lastKnownFileType = "wrapper.pb-project"; name = CordovaLib.xcodeproj; path = CordovaLib/CordovaLib.xcodeproj; sourceTree = "<group>"; };
		301BF56E109A69640062928A /* www */ = {isa = PBXFileReference; lastKnownFileType = folder; path = www; sourceTree = SOURCE_ROOT; };
		301BF5B4109A6A2B0062928A /* AddressBook.framework */ = {isa = PBXFileReference; lastKnownFileType = wrapper.framework; name = AddressBook.framework; path = System/Library/Frameworks/AddressBook.framework; sourceTree = SDKROOT; };
		301BF5B6109A6A2B0062928A /* AddressBookUI.framework */ = {isa = PBXFileReference; lastKnownFileType = wrapper.framework; name = AddressBookUI.framework; path = System/Library/Frameworks/AddressBookUI.framework; sourceTree = SDKROOT; };
		301BF5B8109A6A2B0062928A /* AudioToolbox.framework */ = {isa = PBXFileReference; lastKnownFileType = wrapper.framework; name = AudioToolbox.framework; path = System/Library/Frameworks/AudioToolbox.framework; sourceTree = SDKROOT; };
		301BF5BA109A6A2B0062928A /* AVFoundation.framework */ = {isa = PBXFileReference; lastKnownFileType = wrapper.framework; name = AVFoundation.framework; path = System/Library/Frameworks/AVFoundation.framework; sourceTree = SDKROOT; };
		301BF5BC109A6A2B0062928A /* CFNetwork.framework */ = {isa = PBXFileReference; lastKnownFileType = wrapper.framework; name = CFNetwork.framework; path = System/Library/Frameworks/CFNetwork.framework; sourceTree = SDKROOT; };
		301BF5BE109A6A2B0062928A /* CoreLocation.framework */ = {isa = PBXFileReference; lastKnownFileType = wrapper.framework; name = CoreLocation.framework; path = System/Library/Frameworks/CoreLocation.framework; sourceTree = SDKROOT; };
		301BF5C0109A6A2B0062928A /* MediaPlayer.framework */ = {isa = PBXFileReference; lastKnownFileType = wrapper.framework; name = MediaPlayer.framework; path = System/Library/Frameworks/MediaPlayer.framework; sourceTree = SDKROOT; };
		301BF5C2109A6A2B0062928A /* QuartzCore.framework */ = {isa = PBXFileReference; lastKnownFileType = wrapper.framework; name = QuartzCore.framework; path = System/Library/Frameworks/QuartzCore.framework; sourceTree = SDKROOT; };
		301BF5C4109A6A2B0062928A /* SystemConfiguration.framework */ = {isa = PBXFileReference; lastKnownFileType = wrapper.framework; name = SystemConfiguration.framework; path = System/Library/Frameworks/SystemConfiguration.framework; sourceTree = SDKROOT; };
		305D5FD0115AB8F900A74A75 /* MobileCoreServices.framework */ = {isa = PBXFileReference; lastKnownFileType = wrapper.framework; name = MobileCoreServices.framework; path = System/Library/Frameworks/MobileCoreServices.framework; sourceTree = SDKROOT; };
		3072F99613A8081B00425683 /* Capture.bundle */ = {isa = PBXFileReference; lastKnownFileType = "wrapper.plug-in"; path = Capture.bundle; sourceTree = "<group>"; };
		3088BBB7154F3926009F9C59 /* Default-Landscape@2x~ipad.png */ = {isa = PBXFileReference; lastKnownFileType = image.png; path = "Default-Landscape@2x~ipad.png"; sourceTree = "<group>"; };
		3088BBB8154F3926009F9C59 /* Default-Landscape~ipad.png */ = {isa = PBXFileReference; lastKnownFileType = image.png; path = "Default-Landscape~ipad.png"; sourceTree = "<group>"; };
		3088BBB9154F3926009F9C59 /* Default-Portrait@2x~ipad.png */ = {isa = PBXFileReference; lastKnownFileType = image.png; path = "Default-Portrait@2x~ipad.png"; sourceTree = "<group>"; };
		3088BBBA154F3926009F9C59 /* Default-Portrait~ipad.png */ = {isa = PBXFileReference; lastKnownFileType = image.png; path = "Default-Portrait~ipad.png"; sourceTree = "<group>"; };
		3088BBBB154F3926009F9C59 /* Default@2x~iphone.png */ = {isa = PBXFileReference; lastKnownFileType = image.png; path = "Default@2x~iphone.png"; sourceTree = "<group>"; };
		3088BBBC154F3926009F9C59 /* Default~iphone.png */ = {isa = PBXFileReference; lastKnownFileType = image.png; path = "Default~iphone.png"; sourceTree = "<group>"; };
		30A0434414DC770100060A13 /* de */ = {isa = PBXFileReference; lastKnownFileType = text.plist.strings; name = de; path = Localizable.strings; sourceTree = "<group>"; };
		30A0434714DC770100060A13 /* se */ = {isa = PBXFileReference; lastKnownFileType = text.plist.strings; name = se; path = Localizable.strings; sourceTree = "<group>"; };
		30E5649113A7FCAF007403D8 /* CoreMedia.framework */ = {isa = PBXFileReference; lastKnownFileType = wrapper.framework; name = CoreMedia.framework; path = System/Library/Frameworks/CoreMedia.framework; sourceTree = SDKROOT; };
		32CA4F630368D1EE00C91783 /* techmarket-Prefix.pch */ = {isa = PBXFileReference; fileEncoding = 4; lastKnownFileType = sourcecode.c.h; path = "techmarket-Prefix.pch"; sourceTree = "<group>"; };
		5B1594DC16A7569C00FEF299 /* AssetsLibrary.framework */ = {isa = PBXFileReference; lastKnownFileType = wrapper.framework; name = AssetsLibrary.framework; path = System/Library/Frameworks/AssetsLibrary.framework; sourceTree = SDKROOT; };
		8D1107310486CEB800E47090 /* techmarket-Info.plist */ = {isa = PBXFileReference; fileEncoding = 4; lastKnownFileType = text.plist.xml; name = "techmarket-Info.plist"; path = "../techmarket-Info.plist"; plistStructureDefinitionIdentifier = "com.apple.xcode.plist.structure-definition.iphone.info-plist"; sourceTree = "<group>"; };
		D020C2FF1782C70F0094A2B8 /* tabbar_0.png */ = {isa = PBXFileReference; lastKnownFileType = image.png; path = tabbar_0.png; sourceTree = "<group>"; };
		D020C3001782C70F0094A2B8 /* tabbar_0@2x.png */ = {isa = PBXFileReference; lastKnownFileType = image.png; path = "tabbar_0@2x.png"; sourceTree = "<group>"; };
		D020C3011782C70F0094A2B8 /* tabbar_1.png */ = {isa = PBXFileReference; lastKnownFileType = image.png; path = tabbar_1.png; sourceTree = "<group>"; };
		D020C3021782C70F0094A2B8 /* tabbar_1@2x.png */ = {isa = PBXFileReference; lastKnownFileType = image.png; path = "tabbar_1@2x.png"; sourceTree = "<group>"; };
		D020C3031782C70F0094A2B8 /* tabbar_3.png */ = {isa = PBXFileReference; lastKnownFileType = image.png; path = tabbar_3.png; sourceTree = "<group>"; };
		D020C3041782C70F0094A2B8 /* tabbar_3@2x.png */ = {isa = PBXFileReference; lastKnownFileType = image.png; path = "tabbar_3@2x.png"; sourceTree = "<group>"; };
		D020C3051782C70F0094A2B8 /* tabbar_4.png */ = {isa = PBXFileReference; lastKnownFileType = image.png; path = tabbar_4.png; sourceTree = "<group>"; };
		D020C3061782C70F0094A2B8 /* tabbar_4@2x.png */ = {isa = PBXFileReference; lastKnownFileType = image.png; path = "tabbar_4@2x.png"; sourceTree = "<group>"; };
		D020C3071782C70F0094A2B8 /* tabbar_mainbtn.png */ = {isa = PBXFileReference; lastKnownFileType = image.png; path = tabbar_mainbtn.png; sourceTree = "<group>"; };
		D020C3081782C70F0094A2B8 /* tabbar_mainbtn@2x.png */ = {isa = PBXFileReference; lastKnownFileType = image.png; path = "tabbar_mainbtn@2x.png"; sourceTree = "<group>"; };
		D020C3091782C70F0094A2B8 /* tabbar_mainbtn_bg.png */ = {isa = PBXFileReference; lastKnownFileType = image.png; path = tabbar_mainbtn_bg.png; sourceTree = "<group>"; };
		D020C30A1782C70F0094A2B8 /* tabbar_mainbtn_bg@2x.png */ = {isa = PBXFileReference; lastKnownFileType = image.png; path = "tabbar_mainbtn_bg@2x.png"; sourceTree = "<group>"; };
		D020C31E1782C7AB0094A2B8 /* TabbarView.h */ = {isa = PBXFileReference; fileEncoding = 4; lastKnownFileType = sourcecode.c.h; path = TabbarView.h; sourceTree = "<group>"; };
		D020C31F1782C7AB0094A2B8 /* TabbarView.m */ = {isa = PBXFileReference; fileEncoding = 4; lastKnownFileType = sourcecode.c.objc; path = TabbarView.m; sourceTree = "<group>"; };
		D020C3211782C82C0094A2B8 /* TabBarViewController.h */ = {isa = PBXFileReference; fileEncoding = 4; lastKnownFileType = sourcecode.c.h; path = TabBarViewController.h; sourceTree = "<group>"; };
		D020C3221782C82C0094A2B8 /* TabBarViewController.m */ = {isa = PBXFileReference; fileEncoding = 4; lastKnownFileType = sourcecode.c.objc; path = TabBarViewController.m; sourceTree = "<group>"; };
		D024E7B6175465D20072F7B8 /* CoreTelephony.framework */ = {isa = PBXFileReference; lastKnownFileType = wrapper.framework; name = CoreTelephony.framework; path = System/Library/Frameworks/CoreTelephony.framework; sourceTree = SDKROOT; };
		D03AB65A17055D6600481530 /* EventKit.framework */ = {isa = PBXFileReference; lastKnownFileType = wrapper.framework; name = EventKit.framework; path = System/Library/Frameworks/EventKit.framework; sourceTree = SDKROOT; };
		D03EC659175609A600870E2A /* ApplicationInfo.xcodeproj */ = {isa = PBXFileReference; lastKnownFileType = "wrapper.pb-project"; name = ApplicationInfo.xcodeproj; path = ApplicationInfo/ApplicationInfo.xcodeproj; sourceTree = "<group>"; };
		D03EC66017560AB000870E2A /* OpenUDID.xcodeproj */ = {isa = PBXFileReference; lastKnownFileType = "wrapper.pb-project"; name = OpenUDID.xcodeproj; path = OpenUDID/OpenUDID.xcodeproj; sourceTree = "<group>"; };
		D08B438D17128CCC00DD791B /* StoreKit.framework */ = {isa = PBXFileReference; lastKnownFileType = wrapper.framework; name = StoreKit.framework; path = System/Library/Frameworks/StoreKit.framework; sourceTree = SDKROOT; };
		D0A4F1C1177A8E6300D1A742 /* ApplicationUnity.xcodeproj */ = {isa = PBXFileReference; lastKnownFileType = "wrapper.pb-project"; name = ApplicationUnity.xcodeproj; path = ApplicationUnity/ApplicationUnity.xcodeproj; sourceTree = "<group>"; };
		D0B7CF571762D1E400D0DF3A /* icon-72.png */ = {isa = PBXFileReference; lastKnownFileType = image.png; path = "icon-72.png"; sourceTree = "<group>"; };
		D0B7CF581762D1E400D0DF3A /* icon-72@2x.png */ = {isa = PBXFileReference; lastKnownFileType = image.png; path = "icon-72@2x.png"; sourceTree = "<group>"; };
		D0B7CF591762D1E400D0DF3A /* icon.png */ = {isa = PBXFileReference; lastKnownFileType = image.png; path = icon.png; sourceTree = "<group>"; };
		D0B7CF5A1762D1E400D0DF3A /* icon@2x.png */ = {isa = PBXFileReference; lastKnownFileType = image.png; path = "icon@2x.png"; sourceTree = "<group>"; };
		D0B7CF6C1763223400D0DF3A /* libWeChatSDK_armv7_armv7s.a */ = {isa = PBXFileReference; lastKnownFileType = archive.ar; path = libWeChatSDK_armv7_armv7s.a; sourceTree = "<group>"; };
		D0B7CF6D1763223400D0DF3A /* WXApi.h */ = {isa = PBXFileReference; fileEncoding = 4; lastKnownFileType = sourcecode.c.h; path = WXApi.h; sourceTree = "<group>"; };
		D0B7CF6E1763223400D0DF3A /* WXApiObject.h */ = {isa = PBXFileReference; fileEncoding = 4; lastKnownFileType = sourcecode.c.h; path = WXApiObject.h; sourceTree = "<group>"; };
		D0B7CF701763223400D0DF3A /* UMSocial.h */ = {isa = PBXFileReference; fileEncoding = 4; lastKnownFileType = sourcecode.c.h; path = UMSocial.h; sourceTree = "<group>"; };
		D0B7CF711763223400D0DF3A /* UMSocialAccountManager.h */ = {isa = PBXFileReference; fileEncoding = 4; lastKnownFileType = sourcecode.c.h; path = UMSocialAccountManager.h; sourceTree = "<group>"; };
		D0B7CF721763223400D0DF3A /* UMSocialBar.h */ = {isa = PBXFileReference; fileEncoding = 4; lastKnownFileType = sourcecode.c.h; path = UMSocialBar.h; sourceTree = "<group>"; };
		D0B7CF731763223400D0DF3A /* UMSocialConfig.h */ = {isa = PBXFileReference; fileEncoding = 4; lastKnownFileType = sourcecode.c.h; path = UMSocialConfig.h; sourceTree = "<group>"; };
		D0B7CF741763223400D0DF3A /* UMSocialControllerService.h */ = {isa = PBXFileReference; fileEncoding = 4; lastKnownFileType = sourcecode.c.h; path = UMSocialControllerService.h; sourceTree = "<group>"; };
		D0B7CF751763223400D0DF3A /* UMSocialControllerServiceComment.h */ = {isa = PBXFileReference; fileEncoding = 4; lastKnownFileType = sourcecode.c.h; path = UMSocialControllerServiceComment.h; sourceTree = "<group>"; };
		D0B7CF761763223400D0DF3A /* UMSocialData.h */ = {isa = PBXFileReference; fileEncoding = 4; lastKnownFileType = sourcecode.c.h; path = UMSocialData.h; sourceTree = "<group>"; };
		D0B7CF771763223400D0DF3A /* UMSocialDataService.h */ = {isa = PBXFileReference; fileEncoding = 4; lastKnownFileType = sourcecode.c.h; path = UMSocialDataService.h; sourceTree = "<group>"; };
		D0B7CF781763223400D0DF3A /* UMSocialSnsPlatformManager.h */ = {isa = PBXFileReference; fileEncoding = 4; lastKnownFileType = sourcecode.c.h; path = UMSocialSnsPlatformManager.h; sourceTree = "<group>"; };
		D0B7CF791763223400D0DF3A /* UMSocialSnsService.h */ = {isa = PBXFileReference; fileEncoding = 4; lastKnownFileType = sourcecode.c.h; path = UMSocialSnsService.h; sourceTree = "<group>"; };
		D0B7CF7A1763223400D0DF3A /* libUMSocial_Sdk_2.1.3.a */ = {isa = PBXFileReference; lastKnownFileType = archive.ar; path = libUMSocial_Sdk_2.1.3.a; sourceTree = "<group>"; };
		D0B7CF7B1763223400D0DF3A /* libUMSocial_Sdk_Comment_2.1.3.a */ = {isa = PBXFileReference; lastKnownFileType = archive.ar; path = libUMSocial_Sdk_Comment_2.1.3.a; sourceTree = "<group>"; };
		D0B7CF7D1763223400D0DF3A /* UMSCommentDetailController.xib */ = {isa = PBXFileReference; fileEncoding = 4; lastKnownFileType = file.xib; path = UMSCommentDetailController.xib; sourceTree = "<group>"; };
		D0B7CF7E1763223400D0DF3A /* UMSCommentInputController.xib */ = {isa = PBXFileReference; fileEncoding = 4; lastKnownFileType = file.xib; path = UMSCommentInputController.xib; sourceTree = "<group>"; };
		D0B7CF7F1763223400D0DF3A /* UMSCommentInputControlleriPad.xib */ = {isa = PBXFileReference; fileEncoding = 4; lastKnownFileType = file.xib; path = UMSCommentInputControlleriPad.xib; sourceTree = "<group>"; };
		D0B7CF801763223400D0DF3A /* UMShareEditViewController.xib */ = {isa = PBXFileReference; fileEncoding = 4; lastKnownFileType = file.xib; path = UMShareEditViewController.xib; sourceTree = "<group>"; };
		D0B7CF811763223400D0DF3A /* UMShareEditViewControlleriPad.xib */ = {isa = PBXFileReference; fileEncoding = 4; lastKnownFileType = file.xib; path = UMShareEditViewControlleriPad.xib; sourceTree = "<group>"; };
		D0B7CF821763223400D0DF3A /* UMSnsAccountViewController.xib */ = {isa = PBXFileReference; fileEncoding = 4; lastKnownFileType = file.xib; path = UMSnsAccountViewController.xib; sourceTree = "<group>"; };
		D0B7CF831763223400D0DF3A /* UMSShareListController.xib */ = {isa = PBXFileReference; fileEncoding = 4; lastKnownFileType = file.xib; path = UMSShareListController.xib; sourceTree = "<group>"; };
		D0B7CF841763223400D0DF3A /* UMSocialSDKResources.bundle */ = {isa = PBXFileReference; lastKnownFileType = "wrapper.plug-in"; path = UMSocialSDKResources.bundle; sourceTree = "<group>"; };
		D4A0D8751607E02300AEF8BB /* Default-568h@2x~iphone.png */ = {isa = PBXFileReference; lastKnownFileType = image.png; path = "Default-568h@2x~iphone.png"; sourceTree = "<group>"; };
		D6F8B871176385BA008BBA4F /* libMobClickLibrary.a */ = {isa = PBXFileReference; lastKnownFileType = archive.ar; path = libMobClickLibrary.a; sourceTree = "<group>"; };
		D6F8B872176385BA008BBA4F /* MobClick.h */ = {isa = PBXFileReference; fileEncoding = 4; lastKnownFileType = sourcecode.c.h; path = MobClick.h; sourceTree = "<group>"; };
		F840E1F0165FE0F500CFE078 /* config.xml */ = {isa = PBXFileReference; lastKnownFileType = text.xml; name = config.xml; path = techmarket/config.xml; sourceTree = "<group>"; };
/* End PBXFileReference section */

/* Begin PBXFrameworksBuildPhase section */
		1D60588F0D05DD3D006BFB54 /* Frameworks */ = {
			isa = PBXFrameworksBuildPhase;
			buildActionMask = 2147483647;
			files = (
				D0A4F1D5177A8ED500D1A742 /* libApplicationUnity.a in Frameworks */,
				0FF88B87170556A1002B6A43 /* libz.dylib in Frameworks */,
				301BF5BF109A6A2B0062928A /* CoreLocation.framework in Frameworks */,
				D024E7B7175465D20072F7B8 /* CoreTelephony.framework in Frameworks */,
				D08B438E17128CCC00DD791B /* StoreKit.framework in Frameworks */,
				D03AB65C170561E000481530 /* libNSLog.a in Frameworks */,
				D03AB65B17055D6700481530 /* EventKit.framework in Frameworks */,
				0FF88B8517055695002B6A43 /* MessageUI.framework in Frameworks */,
				5B1594DD16A7569C00FEF299 /* AssetsLibrary.framework in Frameworks */,
				301BF552109A68D80062928A /* libCordova.a in Frameworks */,
				1D60589F0D05DD5A006BFB54 /* Foundation.framework in Frameworks */,
				1DF5F4E00D08C38300B7A737 /* UIKit.framework in Frameworks */,
				288765FD0DF74451002DB57D /* CoreGraphics.framework in Frameworks */,
				301BF5B5109A6A2B0062928A /* AddressBook.framework in Frameworks */,
				301BF5B7109A6A2B0062928A /* AddressBookUI.framework in Frameworks */,
				301BF5B9109A6A2B0062928A /* AudioToolbox.framework in Frameworks */,
				301BF5BB109A6A2B0062928A /* AVFoundation.framework in Frameworks */,
				301BF5BD109A6A2B0062928A /* CFNetwork.framework in Frameworks */,
				301BF5C1109A6A2B0062928A /* MediaPlayer.framework in Frameworks */,
				301BF5C3109A6A2B0062928A /* QuartzCore.framework in Frameworks */,
				301BF5C5109A6A2B0062928A /* SystemConfiguration.framework in Frameworks */,
				305D5FD1115AB8F900A74A75 /* MobileCoreServices.framework in Frameworks */,
				30E5649213A7FCAF007403D8 /* CoreMedia.framework in Frameworks */,
				D0B7CF851763223400D0DF3A /* libWeChatSDK_armv7_armv7s.a in Frameworks */,
				D0B7CF861763223400D0DF3A /* libUMSocial_Sdk_2.1.3.a in Frameworks */,
				D0B7CF871763223500D0DF3A /* libUMSocial_Sdk_Comment_2.1.3.a in Frameworks */,
				D6F8B873176385BA008BBA4F /* libMobClickLibrary.a in Frameworks */,
			);
			runOnlyForDeploymentPostprocessing = 0;
		};
/* End PBXFrameworksBuildPhase section */

/* Begin PBXGroup section */
		080E96DDFE201D6D7F000001 /* Classes */ = {
			isa = PBXGroup;
			children = (
				0FF88B9417056776002B6A43 /* Controller */,
				0FF88B9617056776002B6A43 /* View */,
				1D3623240D0F684500981E51 /* AppDelegate.h */,
				1D3623250D0F684500981E51 /* AppDelegate.m */,
				0F82D4F11755D8C400C3C43C /* Model */,
			);
			name = Classes;
			path = techmarket/Classes;
			sourceTree = SOURCE_ROOT;
		};
		0F229ABA1712984A005A670E /* NSString+FileFormat */ = {
			isa = PBXGroup;
			children = (
				0F229ABC1712985A005A670E /* NSString+FileFormat.h */,
				0F229ABD1712985A005A670E /* NSString+FileFormat.m */,
			);
			path = "NSString+FileFormat";
			sourceTree = "<group>";
		};
		0F82D4F11755D8C400C3C43C /* Model */ = {
			isa = PBXGroup;
			children = (
				0F82D4F21755D8C400C3C43C /* Setting.h */,
			);
			path = Model;
			sourceTree = "<group>";
		};
		0FF88B301705565C002B6A43 /* Libs */ = {
			isa = PBXGroup;
			children = (
				D0A4F1C1177A8E6300D1A742 /* ApplicationUnity.xcodeproj */,
				D03EC66017560AB000870E2A /* OpenUDID.xcodeproj */,
				D03EC659175609A600870E2A /* ApplicationInfo.xcodeproj */,
				D6F8B870176385BA008BBA4F /* UMAnalytics_Sdk_2.2.0.OpenUDID */,
				D0B7CF691763223400D0DF3A /* UMSocial_Sdk_2.1.3 */,
				0FF88B311705565C002B6A43 /* FireUIPagedScrollView */,
				0FF88B341705565C002B6A43 /* NSBundle+Image */,
				0F229ABA1712984A005A670E /* NSString+FileFormat */,
				0FF88B8817055713002B6A43 /* NSLog.xcodeproj */,
			);
			name = Libs;
			path = techmarket/Libs;
			sourceTree = "<group>";
		};
		0FF88B311705565C002B6A43 /* FireUIPagedScrollView */ = {
			isa = PBXGroup;
			children = (
				0FF88B321705565C002B6A43 /* FireUIPagedScrollView.h */,
				0FF88B331705565C002B6A43 /* FireUIPagedScrollView.m */,
			);
			path = FireUIPagedScrollView;
			sourceTree = "<group>";
		};
		0FF88B341705565C002B6A43 /* NSBundle+Image */ = {
			isa = PBXGroup;
			children = (
				0FF88B351705565C002B6A43 /* NSBundle+Image.h */,
				0FF88B361705565C002B6A43 /* NSBundle+Image.m */,
			);
			path = "NSBundle+Image";
			sourceTree = "<group>";
		};
		0FF88B8917055713002B6A43 /* Products */ = {
			isa = PBXGroup;
			children = (
				0FF88B8D17055714002B6A43 /* libNSLog.a */,
			);
			name = Products;
			sourceTree = "<group>";
		};
		0FF88B9417056776002B6A43 /* Controller */ = {
			isa = PBXGroup;
			children = (
				0FF88BA4170567A7002B6A43 /* Main */,
			);
			path = Controller;
			sourceTree = "<group>";
		};
		0FF88B9617056776002B6A43 /* View */ = {
			isa = PBXGroup;
			children = (
				D020C31D1782C7AB0094A2B8 /* Tabbar */,
				0FF88B9717056776002B6A43 /* Help */,
				0FF88B9B17056776002B6A43 /* Load */,
			);
			path = View;
			sourceTree = "<group>";
		};
		0FF88B9717056776002B6A43 /* Help */ = {
			isa = PBXGroup;
			children = (
				0FF88B9817056776002B6A43 /* WPHelpView.h */,
				0FF88B9917056776002B6A43 /* WPHelpView.m */,
				0FF88B9A17056776002B6A43 /* WPHelpView.xib */,
			);
			path = Help;
			sourceTree = "<group>";
		};
		0FF88B9B17056776002B6A43 /* Load */ = {
			isa = PBXGroup;
			children = (
				0FF88B9C17056776002B6A43 /* WPLoadView.h */,
				0FF88B9D17056776002B6A43 /* WPLoadView.m */,
				0FF88B9E17056776002B6A43 /* WPLoadView.xib */,
			);
			path = Load;
			sourceTree = "<group>";
		};
		0FF88BA4170567A7002B6A43 /* Main */ = {
			isa = PBXGroup;
			children = (
				0FF88BA5170567A7002B6A43 /* MainViewController.h */,
				0FF88BA6170567A7002B6A43 /* MainViewController.m */,
				0FF88BA7170567A7002B6A43 /* MainViewController.xib */,
			);
			path = Main;
			sourceTree = "<group>";
		};
		19C28FACFE9D520D11CA2CBB /* Products */ = {
			isa = PBXGroup;
			children = (
				1D6058910D05DD3D006BFB54 /* techmarket.app */,
			);
			name = Products;
			sourceTree = "<group>";
		};
		1F766FDB13BBADB100FB74C0 /* en.lproj */ = {
			isa = PBXGroup;
			children = (
				1F766FDC13BBADB100FB74C0 /* Localizable.strings */,
			);
			path = en.lproj;
			sourceTree = "<group>";
		};
		1F766FDE13BBADB100FB74C0 /* es.lproj */ = {
			isa = PBXGroup;
			children = (
				1F766FDF13BBADB100FB74C0 /* Localizable.strings */,
			);
			path = es.lproj;
			sourceTree = "<group>";
		};
		29B97314FDCFA39411CA2CEA /* CustomTemplate */ = {
			isa = PBXGroup;
			children = (
				F840E1F0165FE0F500CFE078 /* config.xml */,
				301BF56E109A69640062928A /* www */,
				301BF52D109A57CC0062928A /* CordovaLib.xcodeproj */,
				0FF88B301705565C002B6A43 /* Libs */,
				080E96DDFE201D6D7F000001 /* Classes */,
				307C750510C5A3420062BCA9 /* Plugins */,
				29B97315FDCFA39411CA2CEA /* Other Sources */,
				29B97317FDCFA39411CA2CEA /* Resources */,
				29B97323FDCFA39411CA2CEA /* Frameworks */,
				19C28FACFE9D520D11CA2CBB /* Products */,
			);
			name = CustomTemplate;
			sourceTree = "<group>";
		};
		29B97315FDCFA39411CA2CEA /* Other Sources */ = {
			isa = PBXGroup;
			children = (
				32CA4F630368D1EE00C91783 /* techmarket-Prefix.pch */,
				29B97316FDCFA39411CA2CEA /* main.m */,
			);
			name = "Other Sources";
			path = techmarket;
			sourceTree = "<group>";
		};
		29B97317FDCFA39411CA2CEA /* Resources */ = {
			isa = PBXGroup;
			children = (
				D020C2FE1782C70F0094A2B8 /* tabbar */,
				D0B7CF561762D1E400D0DF3A /* icons */,
				0FF88BAA170569C5002B6A43 /* help */,
				30A0434214DC770100060A13 /* de.lproj */,
				30A0434514DC770100060A13 /* se.lproj */,
				1F766FDB13BBADB100FB74C0 /* en.lproj */,
				1F766FDE13BBADB100FB74C0 /* es.lproj */,
				3072F99613A8081B00425683 /* Capture.bundle */,
				308D05311370CCF300D202BF /* splash */,
				8D1107310486CEB800E47090 /* techmarket-Info.plist */,
			);
			name = Resources;
			path = techmarket/Resources;
			sourceTree = "<group>";
		};
		29B97323FDCFA39411CA2CEA /* Frameworks */ = {
			isa = PBXGroup;
			children = (
				D024E7B6175465D20072F7B8 /* CoreTelephony.framework */,
				0FF88B86170556A1002B6A43 /* libz.dylib */,
				D08B438D17128CCC00DD791B /* StoreKit.framework */,
				D03AB65A17055D6600481530 /* EventKit.framework */,
				0FF88B8417055695002B6A43 /* MessageUI.framework */,
				5B1594DC16A7569C00FEF299 /* AssetsLibrary.framework */,
				1DF5F4DF0D08C38300B7A737 /* UIKit.framework */,
				1D30AB110D05D00D00671497 /* Foundation.framework */,
				288765FC0DF74451002DB57D /* CoreGraphics.framework */,
				301BF5B4109A6A2B0062928A /* AddressBook.framework */,
				301BF5B6109A6A2B0062928A /* AddressBookUI.framework */,
				301BF5B8109A6A2B0062928A /* AudioToolbox.framework */,
				301BF5BA109A6A2B0062928A /* AVFoundation.framework */,
				301BF5BC109A6A2B0062928A /* CFNetwork.framework */,
				301BF5BE109A6A2B0062928A /* CoreLocation.framework */,
				301BF5C0109A6A2B0062928A /* MediaPlayer.framework */,
				301BF5C2109A6A2B0062928A /* QuartzCore.framework */,
				301BF5C4109A6A2B0062928A /* SystemConfiguration.framework */,
				305D5FD0115AB8F900A74A75 /* MobileCoreServices.framework */,
				30E5649113A7FCAF007403D8 /* CoreMedia.framework */,
			);
			name = Frameworks;
			sourceTree = "<group>";
		};
		301BF52E109A57CC0062928A /* Products */ = {
			isa = PBXGroup;
			children = (
				301BF535109A57CC0062928A /* libCordova.a */,
			);
			name = Products;
			sourceTree = "<group>";
		};
		307C750510C5A3420062BCA9 /* Plugins */ = {
			isa = PBXGroup;
			children = (
			);
			name = Plugins;
			path = techmarket/Plugins;
			sourceTree = SOURCE_ROOT;
		};
		308D05311370CCF300D202BF /* splash */ = {
			isa = PBXGroup;
			children = (
				D4A0D8751607E02300AEF8BB /* Default-568h@2x~iphone.png */,
				3088BBB7154F3926009F9C59 /* Default-Landscape@2x~ipad.png */,
				3088BBB8154F3926009F9C59 /* Default-Landscape~ipad.png */,
				3088BBB9154F3926009F9C59 /* Default-Portrait@2x~ipad.png */,
				3088BBBA154F3926009F9C59 /* Default-Portrait~ipad.png */,
				3088BBBB154F3926009F9C59 /* Default@2x~iphone.png */,
				3088BBBC154F3926009F9C59 /* Default~iphone.png */,
			);
			path = splash;
			sourceTree = "<group>";
		};
		30A0434214DC770100060A13 /* de.lproj */ = {
			isa = PBXGroup;
			children = (
				30A0434314DC770100060A13 /* Localizable.strings */,
			);
			path = de.lproj;
			sourceTree = "<group>";
		};
		30A0434514DC770100060A13 /* se.lproj */ = {
			isa = PBXGroup;
			children = (
				30A0434614DC770100060A13 /* Localizable.strings */,
			);
			path = se.lproj;
			sourceTree = "<group>";
		};
		D020C2FE1782C70F0094A2B8 /* tabbar */ = {
			isa = PBXGroup;
			children = (
				D020C2FF1782C70F0094A2B8 /* tabbar_0.png */,
				D020C3001782C70F0094A2B8 /* tabbar_0@2x.png */,
				D020C3011782C70F0094A2B8 /* tabbar_1.png */,
				D020C3021782C70F0094A2B8 /* tabbar_1@2x.png */,
				D020C3031782C70F0094A2B8 /* tabbar_3.png */,
				D020C3041782C70F0094A2B8 /* tabbar_3@2x.png */,
				D020C3051782C70F0094A2B8 /* tabbar_4.png */,
				D020C3061782C70F0094A2B8 /* tabbar_4@2x.png */,
				D020C3071782C70F0094A2B8 /* tabbar_mainbtn.png */,
				D020C3081782C70F0094A2B8 /* tabbar_mainbtn@2x.png */,
				D020C3091782C70F0094A2B8 /* tabbar_mainbtn_bg.png */,
				D020C30A1782C70F0094A2B8 /* tabbar_mainbtn_bg@2x.png */,
			);
			path = tabbar;
			sourceTree = "<group>";
		};
		D020C31D1782C7AB0094A2B8 /* Tabbar */ = {
			isa = PBXGroup;
			children = (
				D020C31E1782C7AB0094A2B8 /* TabbarView.h */,
				D020C31F1782C7AB0094A2B8 /* TabbarView.m */,
				D020C3211782C82C0094A2B8 /* TabBarViewController.h */,
				D020C3221782C82C0094A2B8 /* TabBarViewController.m */,
			);
			path = Tabbar;
			sourceTree = "<group>";
		};
		D03EC65A175609A600870E2A /* Products */ = {
			isa = PBXGroup;
			children = (
				D03EC65E175609A700870E2A /* libApplicationInfo.a */,
			);
			name = Products;
			sourceTree = "<group>";
		};
		D03EC66117560AB000870E2A /* Products */ = {
			isa = PBXGroup;
			children = (
				D03EC66517560AB000870E2A /* libOpenUDID.a */,
			);
			name = Products;
			sourceTree = "<group>";
		};
		D0A4F1C2177A8E6300D1A742 /* Products */ = {
			isa = PBXGroup;
			children = (
				D0A4F1C6177A8E6300D1A742 /* libApplicationUnity.a */,
			);
			name = Products;
			sourceTree = "<group>";
		};
		D0B7CF561762D1E400D0DF3A /* icons */ = {
			isa = PBXGroup;
			children = (
				D0B7CF571762D1E400D0DF3A /* icon-72.png */,
				D0B7CF581762D1E400D0DF3A /* icon-72@2x.png */,
				D0B7CF591762D1E400D0DF3A /* icon.png */,
				D0B7CF5A1762D1E400D0DF3A /* icon@2x.png */,
			);
			path = icons;
			sourceTree = "<group>";
		};
		D0B7CF691763223400D0DF3A /* UMSocial_Sdk_2.1.3 */ = {
			isa = PBXGroup;
			children = (
				D0B7CF6A1763223400D0DF3A /* frameworks */,
				D0B7CF6F1763223400D0DF3A /* Header */,
				D0B7CF7A1763223400D0DF3A /* libUMSocial_Sdk_2.1.3.a */,
				D0B7CF7B1763223400D0DF3A /* libUMSocial_Sdk_Comment_2.1.3.a */,
				D0B7CF7C1763223400D0DF3A /* SocialSDKXib */,
				D0B7CF841763223400D0DF3A /* UMSocialSDKResources.bundle */,
			);
			path = UMSocial_Sdk_2.1.3;
			sourceTree = "<group>";
		};
		D0B7CF6A1763223400D0DF3A /* frameworks */ = {
			isa = PBXGroup;
			children = (
				D0B7CF6B1763223400D0DF3A /* Wechat */,
			);
			path = frameworks;
			sourceTree = "<group>";
		};
		D0B7CF6B1763223400D0DF3A /* Wechat */ = {
			isa = PBXGroup;
			children = (
				D0B7CF6C1763223400D0DF3A /* libWeChatSDK_armv7_armv7s.a */,
				D0B7CF6D1763223400D0DF3A /* WXApi.h */,
				D0B7CF6E1763223400D0DF3A /* WXApiObject.h */,
			);
			path = Wechat;
			sourceTree = "<group>";
		};
		D0B7CF6F1763223400D0DF3A /* Header */ = {
			isa = PBXGroup;
			children = (
				D0B7CF701763223400D0DF3A /* UMSocial.h */,
				D0B7CF711763223400D0DF3A /* UMSocialAccountManager.h */,
				D0B7CF721763223400D0DF3A /* UMSocialBar.h */,
				D0B7CF731763223400D0DF3A /* UMSocialConfig.h */,
				D0B7CF741763223400D0DF3A /* UMSocialControllerService.h */,
				D0B7CF751763223400D0DF3A /* UMSocialControllerServiceComment.h */,
				D0B7CF761763223400D0DF3A /* UMSocialData.h */,
				D0B7CF771763223400D0DF3A /* UMSocialDataService.h */,
				D0B7CF781763223400D0DF3A /* UMSocialSnsPlatformManager.h */,
				D0B7CF791763223400D0DF3A /* UMSocialSnsService.h */,
			);
			path = Header;
			sourceTree = "<group>";
		};
		D0B7CF7C1763223400D0DF3A /* SocialSDKXib */ = {
			isa = PBXGroup;
			children = (
				D0B7CF7D1763223400D0DF3A /* UMSCommentDetailController.xib */,
				D0B7CF7E1763223400D0DF3A /* UMSCommentInputController.xib */,
				D0B7CF7F1763223400D0DF3A /* UMSCommentInputControlleriPad.xib */,
				D0B7CF801763223400D0DF3A /* UMShareEditViewController.xib */,
				D0B7CF811763223400D0DF3A /* UMShareEditViewControlleriPad.xib */,
				D0B7CF821763223400D0DF3A /* UMSnsAccountViewController.xib */,
				D0B7CF831763223400D0DF3A /* UMSShareListController.xib */,
			);
			path = SocialSDKXib;
			sourceTree = "<group>";
		};
		D6F8B870176385BA008BBA4F /* UMAnalytics_Sdk_2.2.0.OpenUDID */ = {
			isa = PBXGroup;
			children = (
				D6F8B871176385BA008BBA4F /* libMobClickLibrary.a */,
				D6F8B872176385BA008BBA4F /* MobClick.h */,
			);
			path = UMAnalytics_Sdk_2.2.0.OpenUDID;
			sourceTree = "<group>";
		};
/* End PBXGroup section */

/* Begin PBXNativeTarget section */
		1D6058900D05DD3D006BFB54 /* techmarket */ = {
			isa = PBXNativeTarget;
			buildConfigurationList = 1D6058960D05DD3E006BFB54 /* Build configuration list for PBXNativeTarget "techmarket" */;
			buildPhases = (
				304B58A110DAC018002A0835 /* Copy www directory */,
				1D60588D0D05DD3D006BFB54 /* Resources */,
				1D60588E0D05DD3D006BFB54 /* Sources */,
				1D60588F0D05DD3D006BFB54 /* Frameworks */,
			);
			buildRules = (
			);
			dependencies = (
				D0A4F1D4177A8EB400D1A742 /* PBXTargetDependency */,
				301BF551109A68C00062928A /* PBXTargetDependency */,
			);
			name = techmarket;
			productName = techmarket;
			productReference = 1D6058910D05DD3D006BFB54 /* techmarket.app */;
			productType = "com.apple.product-type.application";
		};
/* End PBXNativeTarget section */

/* Begin PBXProject section */
		29B97313FDCFA39411CA2CEA /* Project object */ = {
			isa = PBXProject;
			attributes = {
				LastUpgradeCheck = 0460;
			};
			buildConfigurationList = C01FCF4E08A954540054247B /* Build configuration list for PBXProject "techmarket" */;
			compatibilityVersion = "Xcode 3.2";
			developmentRegion = English;
			hasScannedForEncodings = 1;
			knownRegions = (
				English,
				Japanese,
				French,
				German,
				en,
				es,
				de,
				se,
			);
			mainGroup = 29B97314FDCFA39411CA2CEA /* CustomTemplate */;
			projectDirPath = "";
			projectReferences = (
				{
					ProductGroup = D03EC65A175609A600870E2A /* Products */;
					ProjectRef = D03EC659175609A600870E2A /* ApplicationInfo.xcodeproj */;
				},
				{
					ProductGroup = D0A4F1C2177A8E6300D1A742 /* Products */;
					ProjectRef = D0A4F1C1177A8E6300D1A742 /* ApplicationUnity.xcodeproj */;
				},
				{
					ProductGroup = 301BF52E109A57CC0062928A /* Products */;
					ProjectRef = 301BF52D109A57CC0062928A /* CordovaLib.xcodeproj */;
				},
				{
					ProductGroup = 0FF88B8917055713002B6A43 /* Products */;
					ProjectRef = 0FF88B8817055713002B6A43 /* NSLog.xcodeproj */;
				},
				{
					ProductGroup = D03EC66117560AB000870E2A /* Products */;
					ProjectRef = D03EC66017560AB000870E2A /* OpenUDID.xcodeproj */;
				},
			);
			projectRoot = "";
			targets = (
				1D6058900D05DD3D006BFB54 /* techmarket */,
			);
		};
/* End PBXProject section */

/* Begin PBXReferenceProxy section */
		0FF88B8D17055714002B6A43 /* libNSLog.a */ = {
			isa = PBXReferenceProxy;
			fileType = archive.ar;
			path = libNSLog.a;
			remoteRef = 0FF88B8C17055714002B6A43 /* PBXContainerItemProxy */;
			sourceTree = BUILT_PRODUCTS_DIR;
		};
		301BF535109A57CC0062928A /* libCordova.a */ = {
			isa = PBXReferenceProxy;
			fileType = archive.ar;
			path = libCordova.a;
			remoteRef = 301BF534109A57CC0062928A /* PBXContainerItemProxy */;
			sourceTree = BUILT_PRODUCTS_DIR;
		};
		D03EC65E175609A700870E2A /* libApplicationInfo.a */ = {
			isa = PBXReferenceProxy;
			fileType = archive.ar;
			path = libApplicationInfo.a;
			remoteRef = D03EC65D175609A700870E2A /* PBXContainerItemProxy */;
			sourceTree = BUILT_PRODUCTS_DIR;
		};
		D03EC66517560AB000870E2A /* libOpenUDID.a */ = {
			isa = PBXReferenceProxy;
			fileType = archive.ar;
			path = libOpenUDID.a;
			remoteRef = D03EC66417560AB000870E2A /* PBXContainerItemProxy */;
			sourceTree = BUILT_PRODUCTS_DIR;
		};
		D0A4F1C6177A8E6300D1A742 /* libApplicationUnity.a */ = {
			isa = PBXReferenceProxy;
			fileType = archive.ar;
			path = libApplicationUnity.a;
			remoteRef = D0A4F1C5177A8E6300D1A742 /* PBXContainerItemProxy */;
			sourceTree = BUILT_PRODUCTS_DIR;
		};
/* End PBXReferenceProxy section */

/* Begin PBXResourcesBuildPhase section */
		1D60588D0D05DD3D006BFB54 /* Resources */ = {
			isa = PBXResourcesBuildPhase;
			buildActionMask = 2147483647;
			files = (
				F840E1F1165FE0F500CFE078 /* config.xml in Resources */,
				3072F99713A8081B00425683 /* Capture.bundle in Resources */,
				1F766FE113BBADB100FB74C0 /* Localizable.strings in Resources */,
				1F766FE213BBADB100FB74C0 /* Localizable.strings in Resources */,
				30A0434814DC770100060A13 /* Localizable.strings in Resources */,
				30A0434914DC770100060A13 /* Localizable.strings in Resources */,
				3088BBBD154F3926009F9C59 /* Default-Landscape@2x~ipad.png in Resources */,
				3088BBBE154F3926009F9C59 /* Default-Landscape~ipad.png in Resources */,
				3088BBBF154F3926009F9C59 /* Default-Portrait@2x~ipad.png in Resources */,
				3088BBC0154F3926009F9C59 /* Default-Portrait~ipad.png in Resources */,
				3088BBC1154F3926009F9C59 /* Default@2x~iphone.png in Resources */,
				3088BBC2154F3926009F9C59 /* Default~iphone.png in Resources */,
				D4A0D8761607E02300AEF8BB /* Default-568h@2x~iphone.png in Resources */,
				0FF88BA017056776002B6A43 /* WPHelpView.xib in Resources */,
				0FF88BA217056776002B6A43 /* WPLoadView.xib in Resources */,
				0FF88BA9170567A7002B6A43 /* MainViewController.xib in Resources */,
				0FF88BAC170569C5002B6A43 /* help in Resources */,
				D0B7CF5B1762D1E400D0DF3A /* icon-72.png in Resources */,
				D0B7CF5C1762D1E400D0DF3A /* icon-72@2x.png in Resources */,
				D0B7CF5D1762D1E400D0DF3A /* icon.png in Resources */,
				D0B7CF5E1762D1E400D0DF3A /* icon@2x.png in Resources */,
				D0B7CF881763223500D0DF3A /* UMSCommentDetailController.xib in Resources */,
				D0B7CF891763223500D0DF3A /* UMSCommentInputController.xib in Resources */,
				D0B7CF8A1763223500D0DF3A /* UMSCommentInputControlleriPad.xib in Resources */,
				D0B7CF8B1763223500D0DF3A /* UMShareEditViewController.xib in Resources */,
				D0B7CF8C1763223500D0DF3A /* UMShareEditViewControlleriPad.xib in Resources */,
				D0B7CF8D1763223500D0DF3A /* UMSnsAccountViewController.xib in Resources */,
				D0B7CF8E1763223500D0DF3A /* UMSShareListController.xib in Resources */,
				D0B7CF8F1763223500D0DF3A /* UMSocialSDKResources.bundle in Resources */,
				D020C30B1782C70F0094A2B8 /* tabbar_0.png in Resources */,
				D020C30C1782C70F0094A2B8 /* tabbar_0@2x.png in Resources */,
				D020C30D1782C70F0094A2B8 /* tabbar_1.png in Resources */,
				D020C30E1782C70F0094A2B8 /* tabbar_1@2x.png in Resources */,
				D020C30F1782C70F0094A2B8 /* tabbar_3.png in Resources */,
				D020C3101782C70F0094A2B8 /* tabbar_3@2x.png in Resources */,
				D020C3111782C70F0094A2B8 /* tabbar_4.png in Resources */,
				D020C3121782C70F0094A2B8 /* tabbar_4@2x.png in Resources */,
				D020C3131782C70F0094A2B8 /* tabbar_mainbtn.png in Resources */,
				D020C3141782C70F0094A2B8 /* tabbar_mainbtn@2x.png in Resources */,
				D020C3151782C70F0094A2B8 /* tabbar_mainbtn_bg.png in Resources */,
				D020C3161782C70F0094A2B8 /* tabbar_mainbtn_bg@2x.png in Resources */,
			);
			runOnlyForDeploymentPostprocessing = 0;
		};
/* End PBXResourcesBuildPhase section */

/* Begin PBXShellScriptBuildPhase section */
		304B58A110DAC018002A0835 /* Copy www directory */ = {
			isa = PBXShellScriptBuildPhase;
			buildActionMask = 2147483647;
			files = (
			);
			inputPaths = (
			);
			name = "Copy www directory";
			outputPaths = (
			);
			runOnlyForDeploymentPostprocessing = 0;
			shellPath = /bin/sh;
			shellScript = "SRC_DIR=\"www/\"\nDST_DIR=\"$BUILT_PRODUCTS_DIR/$FULL_PRODUCT_NAME/www\"\nCOPY_HIDDEN=\nORIG_IFS=$IFS\nIFS=$(echo -en \"\\n\\b\")\n\nif [[ ! -e \"$SRC_DIR\" ]]; then\n  echo \"Path does not exist: $SRC_DIR\"\n  exit 1\nfi\n\nif [[ -n $COPY_HIDDEN ]]; then\n  alias do_find='find \"$SRC_DIR\"'\nelse\n  alias do_find='find -L \"$SRC_DIR\" -name \".*\" -prune -o'\nfi\n\ntime (\n# Code signing files must be removed or else there are\n# resource signing errors.\nrm -rf \"$DST_DIR\" \\\n       \"$BUILT_PRODUCTS_DIR/$FULL_PRODUCT_NAME/_CodeSignature\" \\\n       \"$BUILT_PRODUCTS_DIR/$FULL_PRODUCT_NAME/PkgInfo\" \\\n       \"$BUILT_PRODUCTS_DIR/$FULL_PRODUCT_NAME/embedded.mobileprovision\"\n\n# Directories\nfor p in $(do_find -type d -print); do\n  subpath=\"${p#$SRC_DIR}\"\n  mkdir \"$DST_DIR$subpath\" || exit 1\ndone\n\n# Symlinks\nfor p in $(do_find -type l -print); do\n  subpath=\"${p#$SRC_DIR}\"\n  source=$(readlink $SRC_DIR$subpath)\n  sourcetype=$(stat -f \"%HT%SY\" $source)\n  if [ \"$sourcetype\" = \"Directory\" ]; then\n    mkdir \"$DST_DIR$subpath\" || exit 2\n  else\n    rsync -a \"$source\" \"$DST_DIR$subpath\" || exit 3\n  fi\ndone\n\n# Files\nfor p in $(do_find -type f -print); do\n  subpath=\"${p#$SRC_DIR}\"\n  if ! ln \"$SRC_DIR$subpath\" \"$DST_DIR$subpath\" 2>/dev/null; then\n    rsync -a \"$SRC_DIR$subpath\" \"$DST_DIR$subpath\" || exit 4\n  fi\ndone\n\n)\nIFS=$ORIG_IFS";
		};
/* End PBXShellScriptBuildPhase section */

/* Begin PBXSourcesBuildPhase section */
		1D60588E0D05DD3D006BFB54 /* Sources */ = {
			isa = PBXSourcesBuildPhase;
			buildActionMask = 2147483647;
			files = (
				1D60589B0D05DD56006BFB54 /* main.m in Sources */,
				1D3623260D0F684500981E51 /* AppDelegate.m in Sources */,
				0FF88B6C1705565C002B6A43 /* FireUIPagedScrollView.m in Sources */,
				0FF88B6D1705565C002B6A43 /* NSBundle+Image.m in Sources */,
				0FF88B9F17056776002B6A43 /* WPHelpView.m in Sources */,
				0FF88BA117056776002B6A43 /* WPLoadView.m in Sources */,
				0FF88BA8170567A7002B6A43 /* MainViewController.m in Sources */,
				0F229ABE1712985A005A670E /* NSString+FileFormat.m in Sources */,
				D020C3201782C7AB0094A2B8 /* TabbarView.m in Sources */,
				D020C3231782C82C0094A2B8 /* TabBarViewController.m in Sources */,
			);
			runOnlyForDeploymentPostprocessing = 0;
		};
/* End PBXSourcesBuildPhase section */

/* Begin PBXTargetDependency section */
		301BF551109A68C00062928A /* PBXTargetDependency */ = {
			isa = PBXTargetDependency;
			name = CordovaLib;
			targetProxy = 301BF550109A68C00062928A /* PBXContainerItemProxy */;
		};
		D0A4F1D4177A8EB400D1A742 /* PBXTargetDependency */ = {
			isa = PBXTargetDependency;
			name = ApplicationUnity;
			targetProxy = D0A4F1D3177A8EB400D1A742 /* PBXContainerItemProxy */;
		};
/* End PBXTargetDependency section */

/* Begin PBXVariantGroup section */
		1F766FDC13BBADB100FB74C0 /* Localizable.strings */ = {
			isa = PBXVariantGroup;
			children = (
				1F766FDD13BBADB100FB74C0 /* en */,
			);
			name = Localizable.strings;
			sourceTree = "<group>";
		};
		1F766FDF13BBADB100FB74C0 /* Localizable.strings */ = {
			isa = PBXVariantGroup;
			children = (
				1F766FE013BBADB100FB74C0 /* es */,
			);
			name = Localizable.strings;
			sourceTree = "<group>";
		};
		30A0434314DC770100060A13 /* Localizable.strings */ = {
			isa = PBXVariantGroup;
			children = (
				30A0434414DC770100060A13 /* de */,
			);
			name = Localizable.strings;
			sourceTree = "<group>";
		};
		30A0434614DC770100060A13 /* Localizable.strings */ = {
			isa = PBXVariantGroup;
			children = (
				30A0434714DC770100060A13 /* se */,
			);
			name = Localizable.strings;
			sourceTree = "<group>";
		};
/* End PBXVariantGroup section */

/* Begin XCBuildConfiguration section */
		1D6058940D05DD3E006BFB54 /* Debug */ = {
			isa = XCBuildConfiguration;
			buildSettings = {
				ALWAYS_SEARCH_USER_PATHS = NO;
				COPY_PHASE_STRIP = NO;
				GCC_DYNAMIC_NO_PIC = NO;
				GCC_OPTIMIZATION_LEVEL = 0;
				GCC_PRECOMPILE_PREFIX_HEADER = YES;
				GCC_PREFIX_HEADER = "techmarket/techmarket-Prefix.pch";
				GCC_THUMB_SUPPORT = NO;
				GCC_VERSION = com.apple.compilers.llvm.clang.1_0;
				INFOPLIST_FILE = "techmarket/techmarket-Info.plist";
				IPHONEOS_DEPLOYMENT_TARGET = 5.0;
				LIBRARY_SEARCH_PATHS = (
					"$(inherited)",
					"\"$(SRCROOT)/techmarket/Libs/UMSocial_Sdk_2.1.3/frameworks/Wechat\"",
					"\"$(SRCROOT)/techmarket/Libs/UMSocial_Sdk_2.1.3\"",
					"\"$(SRCROOT)/techmarket/Libs/UMAnalytics_Sdk_2.2.0.OpenUDID\"",
				);
				PRODUCT_NAME = techmarket;
				TARGETED_DEVICE_FAMILY = "1,2";
				WEIXIN_KEY = wx79474d05acb6a73b;
				YOUMENG_KEY = 508a19a35270155ced00005f;
			};
			name = Debug;
		};
		1D6058950D05DD3E006BFB54 /* Release */ = {
			isa = XCBuildConfiguration;
			buildSettings = {
				ALWAYS_SEARCH_USER_PATHS = NO;
				COPY_PHASE_STRIP = YES;
				GCC_PRECOMPILE_PREFIX_HEADER = YES;
				GCC_PREFIX_HEADER = "techmarket/techmarket-Prefix.pch";
				GCC_THUMB_SUPPORT = NO;
				GCC_VERSION = com.apple.compilers.llvm.clang.1_0;
				INFOPLIST_FILE = "techmarket/techmarket-Info.plist";
				IPHONEOS_DEPLOYMENT_TARGET = 5.0;
				LIBRARY_SEARCH_PATHS = (
					"$(inherited)",
					"\"$(SRCROOT)/techmarket/Libs/UMSocial_Sdk_2.1.3/frameworks/Wechat\"",
					"\"$(SRCROOT)/techmarket/Libs/UMSocial_Sdk_2.1.3\"",
					"\"$(SRCROOT)/techmarket/Libs/UMAnalytics_Sdk_2.2.0.OpenUDID\"",
				);
				PRODUCT_NAME = techmarket;
				TARGETED_DEVICE_FAMILY = "1,2";
				WEIXIN_KEY = wx79474d05acb6a73b;
				YOUMENG_KEY = 508a19a35270155ced00005f;
			};
			name = Release;
		};
		C01FCF4F08A954540054247B /* Debug */ = {
			isa = XCBuildConfiguration;
			buildSettings = {
				ARCHS = "$(ARCHS_STANDARD_32_BIT)";
				CLANG_ENABLE_OBJC_ARC = YES;
				CLANG_WARN_CONSTANT_CONVERSION = YES;
				CLANG_WARN_ENUM_CONVERSION = YES;
				CLANG_WARN_INT_CONVERSION = YES;
				CLANG_WARN__DUPLICATE_METHOD_MATCH = YES;
				"CODE_SIGN_IDENTITY[sdk=iphoneos*]" = "iPhone Developer";
				GCC_C_LANGUAGE_STANDARD = c99;
				GCC_PREPROCESSOR_DEFINITIONS = "DEBUG=1";
				GCC_THUMB_SUPPORT = NO;
				GCC_VERSION = com.apple.compilers.llvm.clang.1_0;
				GCC_WARN_ABOUT_RETURN_TYPE = YES;
				GCC_WARN_UNINITIALIZED_AUTOS = YES;
				GCC_WARN_UNUSED_VARIABLE = YES;
				HEADER_SEARCH_PATHS = (
					"\"$(TARGET_BUILD_DIR)/usr/local/lib/include\"",
					"\"$(OBJROOT)/UninstalledProducts/include\"",
					"\"$(BUILT_PRODUCTS_DIR)\"",
					$BUILT_PRODUCTS_DIR/include,
				);
				IPHONEOS_DEPLOYMENT_TARGET = 5.0;
				OTHER_LDFLAGS = (
					"-weak_framework",
					CoreFoundation,
					"-weak_framework",
					UIKit,
					"-weak_framework",
					AVFoundation,
					"-weak_framework",
					CoreMedia,
					"-weak-lSystem",
					"-all_load",
					"-Obj-C",
				);
				SDKROOT = iphoneos;
				SKIP_INSTALL = NO;
				USER_HEADER_SEARCH_PATHS = "";
			};
			name = Debug;
		};
		C01FCF5008A954540054247B /* Release */ = {
			isa = XCBuildConfiguration;
			buildSettings = {
				ARCHS = "$(ARCHS_STANDARD_32_BIT)";
				CLANG_ENABLE_OBJC_ARC = YES;
				CLANG_WARN_CONSTANT_CONVERSION = YES;
				CLANG_WARN_ENUM_CONVERSION = YES;
				CLANG_WARN_INT_CONVERSION = YES;
				CLANG_WARN__DUPLICATE_METHOD_MATCH = YES;
				"CODE_SIGN_IDENTITY[sdk=iphoneos*]" = "iPhone Developer";
				GCC_C_LANGUAGE_STANDARD = c99;
				GCC_THUMB_SUPPORT = NO;
				GCC_VERSION = com.apple.compilers.llvm.clang.1_0;
				GCC_WARN_ABOUT_RETURN_TYPE = YES;
				GCC_WARN_UNINITIALIZED_AUTOS = YES;
				GCC_WARN_UNUSED_VARIABLE = YES;
				HEADER_SEARCH_PATHS = (
					"\"$(TARGET_BUILD_DIR)/usr/local/lib/include\"",
					"\"$(OBJROOT)/UninstalledProducts/include\"",
					"\"$(BUILT_PRODUCTS_DIR)\"",
					$BUILT_PRODUCTS_DIR/include,
				);
				IPHONEOS_DEPLOYMENT_TARGET = 5.0;
				OTHER_LDFLAGS = (
					"-weak_framework",
					CoreFoundation,
					"-weak_framework",
					UIKit,
					"-weak_framework",
					AVFoundation,
					"-weak_framework",
					CoreMedia,
					"-weak-lSystem",
					"-all_load",
					"-Obj-C",
				);
				SDKROOT = iphoneos;
				SKIP_INSTALL = NO;
				USER_HEADER_SEARCH_PATHS = "";
			};
			name = Release;
		};
/* End XCBuildConfiguration section */

/* Begin XCConfigurationList section */
		1D6058960D05DD3E006BFB54 /* Build configuration list for PBXNativeTarget "techmarket" */ = {
			isa = XCConfigurationList;
			buildConfigurations = (
				1D6058940D05DD3E006BFB54 /* Debug */,
				1D6058950D05DD3E006BFB54 /* Release */,
			);
			defaultConfigurationIsVisible = 0;
			defaultConfigurationName = Release;
		};
		C01FCF4E08A954540054247B /* Build configuration list for PBXProject "techmarket" */ = {
			isa = XCConfigurationList;
			buildConfigurations = (
				C01FCF4F08A954540054247B /* Debug */,
				C01FCF5008A954540054247B /* Release */,
			);
			defaultConfigurationIsVisible = 0;
			defaultConfigurationName = Release;
		};
/* End XCConfigurationList section */
	};
	rootObject = 29B97313FDCFA39411CA2CEA /* Project object */;
}
